
Microsoft Visual Studio Solution File, Format Version 12.00
# Visual Studio 15
VisualStudioVersion = 15.0.27130.2003
MinimumVisualStudioVersion = 10.0.40219.1
Project("{9A19103F-16F7-4668-BE54-9A1E7A4F7556}") = "OnlineClassDemo", "OnlineClassDemo\OnlineClassDemo.csproj", "{F86B43A3-1786-4DF8-A0CB-FC6D0DA70BC1}"
EndProject
Project("{FAE04EC0-301F-11D3-BF4B-00C04F79EFBC}") = "OnlineClassDemo.Test", "OnlineClassDemo.Test\OnlineClassDemo.Test.csproj", "{00C6DABC-6DEF-4795-B319-D64A34D10991}"
EndProject
Project("{2150E333-8FDC-42A3-9474-1A3956D46DE8}") = "Solution items", "Solution items", "{D91A1938-A326-4008-8055-9475A414FE63}"
	ProjectSection(SolutionItems) = preProject
		LICENSE.md = LICENSE.md
		OnlineClassDemo.nuspec = OnlineClassDemo.nuspec
	EndProjectSection
EndProject
Project("{FAE04EC0-301F-11D3-BF4B-00C04F79EFBC}") = "OnlineClassDemo.TestConsole", "OnlineClassDemo.TestConsole\OnlineClassDemo.TestConsole.csproj", "{DE506ADA-79C1-492C-97EC-1693B69DB272}"
EndProject
Global
	GlobalSection(SolutionConfigurationPlatforms) = preSolution
		Debug|Any CPU = Debug|Any CPU
		Release|Any CPU = Release|Any CPU
	EndGlobalSection
	GlobalSection(ProjectConfigurationPlatforms) = postSolution
		{F86B43A3-1786-4DF8-A0CB-FC6D0DA70BC1}.Debug|Any CPU.ActiveCfg = Debug|Any CPU
		{F86B43A3-1786-4DF8-A0CB-FC6D0DA70BC1}.Debug|Any CPU.Build.0 = Debug|Any CPU
		{F86B43A3-1786-4DF8-A0CB-FC6D0DA70BC1}.Release|Any CPU.ActiveCfg = Release|Any CPU
		{F86B43A3-1786-4DF8-A0CB-FC6D0DA70BC1}.Release|Any CPU.Build.0 = Release|Any CPU
		{00C6DABC-6DEF-4795-B319-D64A34D10991}.Debug|Any CPU.ActiveCfg = Debug|Any CPU
		{00C6DABC-6DEF-4795-B319-D64A34D10991}.Debug|Any CPU.Build.0 = Debug|Any CPU
		{00C6DABC-6DEF-4795-B319-D64A34D10991}.Release|Any CPU.ActiveCfg = Release|Any CPU
		{00C6DABC-6DEF-4795-B319-D64A34D10991}.Release|Any CPU.Build.0 = Release|Any CPU
		{DE506ADA-79C1-492C-97EC-1693B69DB272}.Debug|Any CPU.ActiveCfg = Debug|Any CPU
		{DE506ADA-79C1-492C-97EC-1693B69DB272}.Debug|Any CPU.Build.0 = Debug|Any CPU
		{DE506ADA-79C1-492C-97EC-1693B69DB272}.Release|Any CPU.ActiveCfg = Release|Any CPU
		{DE506ADA-79C1-492C-97EC-1693B69DB272}.Release|Any CPU.Build.0 = Release|Any CPU
	EndGlobalSection
	GlobalSection(SolutionProperties) = preSolution
		HideSolutionNode = FALSE
	EndGlobalSection
	GlobalSection(ExtensibilityGlobals) = postSolution
		SolutionGuid = {302E1939-CC8C-4BD4-9BE1-0440AAF1C76C}
	EndGlobalSection
EndGlobal
